// !$*UTF8*$!
{
	archiveVersion = 1;
	classes = {
	};
	objectVersion = 51;
	objects = {

/* Begin PBXBuildFile section */
		3A7CCF4F53E338E1B4B07AF5 /* Pods_dCash.framework in Frameworks */ = {isa = PBXBuildFile; fileRef = 5756A8F186FCF185B03FF606 /* Pods_dCash.framework */; };
		620B57C7265AE0470041A330 /* dCashApp.swift in Sources */ = {isa = PBXBuildFile; fileRef = 620B57C6265AE0470041A330 /* dCashApp.swift */; };
		620B57C9265AE0470041A330 /* ContentView.swift in Sources */ = {isa = PBXBuildFile; fileRef = 620B57C8265AE0470041A330 /* ContentView.swift */; };
		620B57CB265AE04A0041A330 /* Assets.xcassets in Resources */ = {isa = PBXBuildFile; fileRef = 620B57CA265AE04A0041A330 /* Assets.xcassets */; };
		620B57CE265AE04A0041A330 /* Preview Assets.xcassets in Resources */ = {isa = PBXBuildFile; fileRef = 620B57CD265AE04A0041A330 /* Preview Assets.xcassets */; };
		620B57D9265AE04A0041A330 /* dCashTests.swift in Sources */ = {isa = PBXBuildFile; fileRef = 620B57D8265AE04A0041A330 /* dCashTests.swift */; };
		620B57E4265AE04A0041A330 /* dCashUITests.swift in Sources */ = {isa = PBXBuildFile; fileRef = 620B57E3265AE04A0041A330 /* dCashUITests.swift */; };
		6210611C265D939200DCFD7C /* signup.swift in Sources */ = {isa = PBXBuildFile; fileRef = 6210611B265D939200DCFD7C /* signup.swift */; };
		62106121265D942C00DCFD7C /* signin.swift in Sources */ = {isa = PBXBuildFile; fileRef = 62106120265D942C00DCFD7C /* signin.swift */; };
		622752F3265C515100A02042 /* Storyboard.storyboard in Resources */ = {isa = PBXBuildFile; fileRef = 622752F2265C515100A02042 /* Storyboard.storyboard */; };
		62371DD5267BA12D003FD2D1 /* GoogleService-Info.plist in Resources */ = {isa = PBXBuildFile; fileRef = 62371DD4267BA12D003FD2D1 /* GoogleService-Info.plist */; };
		62C1AB1B265ED8620069F80A /* addExpense.swift in Sources */ = {isa = PBXBuildFile; fileRef = 62C1AB1A265ED8620069F80A /* addExpense.swift */; };
		62C1AB2E265ED8970069F80A /* totalExpense.swift in Sources */ = {isa = PBXBuildFile; fileRef = 62C1AB2D265ED8970069F80A /* totalExpense.swift */; };
		62C1AB36265ED8A40069F80A /* profile.swift in Sources */ = {isa = PBXBuildFile; fileRef = 62C1AB35265ED8A40069F80A /* profile.swift */; };
		62C1AB3E265EEDB90069F80A /* reminders.swift in Sources */ = {isa = PBXBuildFile; fileRef = 62C1AB3D265EEDB90069F80A /* reminders.swift */; };
		7C9DA390531FE2F6A1681C33 /* Pods_dCashTests.framework in Frameworks */ = {isa = PBXBuildFile; fileRef = C18EEC47BD4547A2CA19E0C4 /* Pods_dCashTests.framework */; };
		BFB70BDA7C93FC43CB860041 /* Pods_dCash_dCashUITests.framework in Frameworks */ = {isa = PBXBuildFile; fileRef = B6E448E66C2E5F50A3887664 /* Pods_dCash_dCashUITests.framework */; };
/* End PBXBuildFile section */

/* Begin PBXContainerItemProxy section */
		620B57D5265AE04A0041A330 /* PBXContainerItemProxy */ = {
			isa = PBXContainerItemProxy;
			containerPortal = 620B57BB265AE0470041A330 /* Project object */;
			proxyType = 1;
			remoteGlobalIDString = 620B57C2265AE0470041A330;
			remoteInfo = dCash;
		};
		620B57E0265AE04A0041A330 /* PBXContainerItemProxy */ = {
			isa = PBXContainerItemProxy;
			containerPortal = 620B57BB265AE0470041A330 /* Project object */;
			proxyType = 1;
			remoteGlobalIDString = 620B57C2265AE0470041A330;
			remoteInfo = dCash;
		};
/* End PBXContainerItemProxy section */

/* Begin PBXFileReference section */
		1E82657278FA11B73DAF2050 /* Pods-dCash.debug.xcconfig */ = {isa = PBXFileReference; includeInIndex = 1; lastKnownFileType = text.xcconfig; name = "Pods-dCash.debug.xcconfig"; path = "Target Support Files/Pods-dCash/Pods-dCash.debug.xcconfig"; sourceTree = "<group>"; };
		21D7FA62F8179C3FC310E541 /* Pods-dCash.release.xcconfig */ = {isa = PBXFileReference; includeInIndex = 1; lastKnownFileType = text.xcconfig; name = "Pods-dCash.release.xcconfig"; path = "Target Support Files/Pods-dCash/Pods-dCash.release.xcconfig"; sourceTree = "<group>"; };
		26B9AD2070EE1B28E48EB201 /* Pods-dCash-dCashUITests.release.xcconfig */ = {isa = PBXFileReference; includeInIndex = 1; lastKnownFileType = text.xcconfig; name = "Pods-dCash-dCashUITests.release.xcconfig"; path = "Target Support Files/Pods-dCash-dCashUITests/Pods-dCash-dCashUITests.release.xcconfig"; sourceTree = "<group>"; };
		5756A8F186FCF185B03FF606 /* Pods_dCash.framework */ = {isa = PBXFileReference; explicitFileType = wrapper.framework; includeInIndex = 0; path = Pods_dCash.framework; sourceTree = BUILT_PRODUCTS_DIR; };
		620B57C3265AE0470041A330 /* dCash.app */ = {isa = PBXFileReference; explicitFileType = wrapper.application; includeInIndex = 0; path = dCash.app; sourceTree = BUILT_PRODUCTS_DIR; };
		620B57C6265AE0470041A330 /* dCashApp.swift */ = {isa = PBXFileReference; lastKnownFileType = sourcecode.swift; path = dCashApp.swift; sourceTree = "<group>"; };
		620B57C8265AE0470041A330 /* ContentView.swift */ = {isa = PBXFileReference; lastKnownFileType = sourcecode.swift; path = ContentView.swift; sourceTree = "<group>"; };
		620B57CA265AE04A0041A330 /* Assets.xcassets */ = {isa = PBXFileReference; lastKnownFileType = folder.assetcatalog; path = Assets.xcassets; sourceTree = "<group>"; };
		620B57CD265AE04A0041A330 /* Preview Assets.xcassets */ = {isa = PBXFileReference; lastKnownFileType = folder.assetcatalog; path = "Preview Assets.xcassets"; sourceTree = "<group>"; };
		620B57CF265AE04A0041A330 /* Info.plist */ = {isa = PBXFileReference; lastKnownFileType = text.plist.xml; path = Info.plist; sourceTree = "<group>"; };
		620B57D4265AE04A0041A330 /* dCashTests.xctest */ = {isa = PBXFileReference; explicitFileType = wrapper.cfbundle; includeInIndex = 0; path = dCashTests.xctest; sourceTree = BUILT_PRODUCTS_DIR; };
		620B57D8265AE04A0041A330 /* dCashTests.swift */ = {isa = PBXFileReference; lastKnownFileType = sourcecode.swift; path = dCashTests.swift; sourceTree = "<group>"; };
		620B57DA265AE04A0041A330 /* Info.plist */ = {isa = PBXFileReference; lastKnownFileType = text.plist.xml; path = Info.plist; sourceTree = "<group>"; };
		620B57DF265AE04A0041A330 /* dCashUITests.xctest */ = {isa = PBXFileReference; explicitFileType = wrapper.cfbundle; includeInIndex = 0; path = dCashUITests.xctest; sourceTree = BUILT_PRODUCTS_DIR; };
		620B57E3265AE04A0041A330 /* dCashUITests.swift */ = {isa = PBXFileReference; lastKnownFileType = sourcecode.swift; path = dCashUITests.swift; sourceTree = "<group>"; };
		620B57E5265AE04A0041A330 /* Info.plist */ = {isa = PBXFileReference; lastKnownFileType = text.plist.xml; path = Info.plist; sourceTree = "<group>"; };
		6210611B265D939200DCFD7C /* signup.swift */ = {isa = PBXFileReference; lastKnownFileType = sourcecode.swift; path = signup.swift; sourceTree = "<group>"; };
		62106120265D942C00DCFD7C /* signin.swift */ = {isa = PBXFileReference; lastKnownFileType = sourcecode.swift; path = signin.swift; sourceTree = "<group>"; };
		622752F2265C515100A02042 /* Storyboard.storyboard */ = {isa = PBXFileReference; lastKnownFileType = file.storyboard; path = Storyboard.storyboard; sourceTree = "<group>"; };
		62371DD4267BA12D003FD2D1 /* GoogleService-Info.plist */ = {isa = PBXFileReference; fileEncoding = 4; lastKnownFileType = text.plist.xml; path = "GoogleService-Info.plist"; sourceTree = "<group>"; };
		62C1AB1A265ED8620069F80A /* addExpense.swift */ = {isa = PBXFileReference; lastKnownFileType = sourcecode.swift; path = addExpense.swift; sourceTree = "<group>"; };
		62C1AB2D265ED8970069F80A /* totalExpense.swift */ = {isa = PBXFileReference; lastKnownFileType = sourcecode.swift; path = totalExpense.swift; sourceTree = "<group>"; };
		62C1AB35265ED8A40069F80A /* profile.swift */ = {isa = PBXFileReference; lastKnownFileType = sourcecode.swift; path = profile.swift; sourceTree = "<group>"; };
		62C1AB3D265EEDB90069F80A /* reminders.swift */ = {isa = PBXFileReference; lastKnownFileType = sourcecode.swift; path = reminders.swift; sourceTree = "<group>"; };
		AD5BC839CD5027375C46385A /* Pods-dCash-dCashUITests.debug.xcconfig */ = {isa = PBXFileReference; includeInIndex = 1; lastKnownFileType = text.xcconfig; name = "Pods-dCash-dCashUITests.debug.xcconfig"; path = "Target Support Files/Pods-dCash-dCashUITests/Pods-dCash-dCashUITests.debug.xcconfig"; sourceTree = "<group>"; };
		B6E448E66C2E5F50A3887664 /* Pods_dCash_dCashUITests.framework */ = {isa = PBXFileReference; explicitFileType = wrapper.framework; includeInIndex = 0; path = Pods_dCash_dCashUITests.framework; sourceTree = BUILT_PRODUCTS_DIR; };
		C18EEC47BD4547A2CA19E0C4 /* Pods_dCashTests.framework */ = {isa = PBXFileReference; explicitFileType = wrapper.framework; includeInIndex = 0; path = Pods_dCashTests.framework; sourceTree = BUILT_PRODUCTS_DIR; };
		DAFB7AC9013314C0BCC41F97 /* Pods-dCashTests.release.xcconfig */ = {isa = PBXFileReference; includeInIndex = 1; lastKnownFileType = text.xcconfig; name = "Pods-dCashTests.release.xcconfig"; path = "Target Support Files/Pods-dCashTests/Pods-dCashTests.release.xcconfig"; sourceTree = "<group>"; };
		FEE78640409C1CD8D6EC2C8A /* Pods-dCashTests.debug.xcconfig */ = {isa = PBXFileReference; includeInIndex = 1; lastKnownFileType = text.xcconfig; name = "Pods-dCashTests.debug.xcconfig"; path = "Target Support Files/Pods-dCashTests/Pods-dCashTests.debug.xcconfig"; sourceTree = "<group>"; };
/* End PBXFileReference section */

/* Begin PBXFrameworksBuildPhase section */
		620B57C0265AE0470041A330 /* Frameworks */ = {
			isa = PBXFrameworksBuildPhase;
			buildActionMask = 2147483647;
			files = (
				3A7CCF4F53E338E1B4B07AF5 /* Pods_dCash.framework in Frameworks */,
			);
			runOnlyForDeploymentPostprocessing = 0;
		};
		620B57D1265AE04A0041A330 /* Frameworks */ = {
			isa = PBXFrameworksBuildPhase;
			buildActionMask = 2147483647;
			files = (
				7C9DA390531FE2F6A1681C33 /* Pods_dCashTests.framework in Frameworks */,
			);
			runOnlyForDeploymentPostprocessing = 0;
		};
		620B57DC265AE04A0041A330 /* Frameworks */ = {
			isa = PBXFrameworksBuildPhase;
			buildActionMask = 2147483647;
			files = (
				BFB70BDA7C93FC43CB860041 /* Pods_dCash_dCashUITests.framework in Frameworks */,
			);
			runOnlyForDeploymentPostprocessing = 0;
		};
/* End PBXFrameworksBuildPhase section */

/* Begin PBXGroup section */
		061184CF899ADEAD89A9F736 /* Pods */ = {
			isa = PBXGroup;
			children = (
				1E82657278FA11B73DAF2050 /* Pods-dCash.debug.xcconfig */,
				21D7FA62F8179C3FC310E541 /* Pods-dCash.release.xcconfig */,
				AD5BC839CD5027375C46385A /* Pods-dCash-dCashUITests.debug.xcconfig */,
				26B9AD2070EE1B28E48EB201 /* Pods-dCash-dCashUITests.release.xcconfig */,
				FEE78640409C1CD8D6EC2C8A /* Pods-dCashTests.debug.xcconfig */,
				DAFB7AC9013314C0BCC41F97 /* Pods-dCashTests.release.xcconfig */,
			);
			path = Pods;
			sourceTree = "<group>";
		};
		620B57BA265AE0470041A330 = {
			isa = PBXGroup;
			children = (
				620B57C5265AE0470041A330 /* dCash */,
				620B57D7265AE04A0041A330 /* dCashTests */,
				620B57E2265AE04A0041A330 /* dCashUITests */,
				620B57C4265AE0470041A330 /* Products */,
				061184CF899ADEAD89A9F736 /* Pods */,
				6C0A66FD1AB08FAA4024F217 /* Frameworks */,
			);
			sourceTree = "<group>";
		};
		620B57C4265AE0470041A330 /* Products */ = {
			isa = PBXGroup;
			children = (
				620B57C3265AE0470041A330 /* dCash.app */,
				620B57D4265AE04A0041A330 /* dCashTests.xctest */,
				620B57DF265AE04A0041A330 /* dCashUITests.xctest */,
			);
			name = Products;
			sourceTree = "<group>";
		};
		620B57C5265AE0470041A330 /* dCash */ = {
			isa = PBXGroup;
			children = (
				62371DD4267BA12D003FD2D1 /* GoogleService-Info.plist */,
				62C1AB3D265EEDB90069F80A /* reminders.swift */,
				62C1AB35265ED8A40069F80A /* profile.swift */,
				62C1AB2D265ED8970069F80A /* totalExpense.swift */,
				62C1AB1A265ED8620069F80A /* addExpense.swift */,
				622752F2265C515100A02042 /* Storyboard.storyboard */,
				620B57C6265AE0470041A330 /* dCashApp.swift */,
				620B57C8265AE0470041A330 /* ContentView.swift */,
				620B57CA265AE04A0041A330 /* Assets.xcassets */,
				620B57CF265AE04A0041A330 /* Info.plist */,
				620B57CC265AE04A0041A330 /* Preview Content */,
				6210611B265D939200DCFD7C /* signup.swift */,
				62106120265D942C00DCFD7C /* signin.swift */,
			);
			path = dCash;
			sourceTree = "<group>";
		};
		620B57CC265AE04A0041A330 /* Preview Content */ = {
			isa = PBXGroup;
			children = (
				620B57CD265AE04A0041A330 /* Preview Assets.xcassets */,
			);
			path = "Preview Content";
			sourceTree = "<group>";
		};
		620B57D7265AE04A0041A330 /* dCashTests */ = {
			isa = PBXGroup;
			children = (
				620B57D8265AE04A0041A330 /* dCashTests.swift */,
				620B57DA265AE04A0041A330 /* Info.plist */,
			);
			path = dCashTests;
			sourceTree = "<group>";
		};
		620B57E2265AE04A0041A330 /* dCashUITests */ = {
			isa = PBXGroup;
			children = (
				620B57E3265AE04A0041A330 /* dCashUITests.swift */,
				620B57E5265AE04A0041A330 /* Info.plist */,
			);
			path = dCashUITests;
			sourceTree = "<group>";
		};
		6C0A66FD1AB08FAA4024F217 /* Frameworks */ = {
			isa = PBXGroup;
			children = (
				5756A8F186FCF185B03FF606 /* Pods_dCash.framework */,
				B6E448E66C2E5F50A3887664 /* Pods_dCash_dCashUITests.framework */,
				C18EEC47BD4547A2CA19E0C4 /* Pods_dCashTests.framework */,
			);
			name = Frameworks;
			sourceTree = "<group>";
		};
/* End PBXGroup section */

/* Begin PBXNativeTarget section */
		620B57C2265AE0470041A330 /* dCash */ = {
			isa = PBXNativeTarget;
			buildConfigurationList = 620B57E8265AE04A0041A330 /* Build configuration list for PBXNativeTarget "dCash" */;
			buildPhases = (
				0F3483F4A5C02E1720E0E5E3 /* [CP] Check Pods Manifest.lock */,
				620B57BF265AE0470041A330 /* Sources */,
				620B57C0265AE0470041A330 /* Frameworks */,
				620B57C1265AE0470041A330 /* Resources */,
				50FD21592B47BE6885A3774E /* [CP] Embed Pods Frameworks */,
			);
			buildRules = (
			);
			dependencies = (
			);
			name = dCash;
			productName = dCash;
			productReference = 620B57C3265AE0470041A330 /* dCash.app */;
			productType = "com.apple.product-type.application";
		};
		620B57D3265AE04A0041A330 /* dCashTests */ = {
			isa = PBXNativeTarget;
			buildConfigurationList = 620B57EB265AE04A0041A330 /* Build configuration list for PBXNativeTarget "dCashTests" */;
			buildPhases = (
				5B759193469CB308ED1153BE /* [CP] Check Pods Manifest.lock */,
				620B57D0265AE04A0041A330 /* Sources */,
				620B57D1265AE04A0041A330 /* Frameworks */,
				620B57D2265AE04A0041A330 /* Resources */,
			);
			buildRules = (
			);
			dependencies = (
				620B57D6265AE04A0041A330 /* PBXTargetDependency */,
			);
			name = dCashTests;
			productName = dCashTests;
			productReference = 620B57D4265AE04A0041A330 /* dCashTests.xctest */;
			productType = "com.apple.product-type.bundle.unit-test";
		};
		620B57DE265AE04A0041A330 /* dCashUITests */ = {
			isa = PBXNativeTarget;
			buildConfigurationList = 620B57EE265AE04A0041A330 /* Build configuration list for PBXNativeTarget "dCashUITests" */;
			buildPhases = (
				377CA6E3D4E2DCB1266F4A51 /* [CP] Check Pods Manifest.lock */,
				620B57DB265AE04A0041A330 /* Sources */,
				620B57DC265AE04A0041A330 /* Frameworks */,
				620B57DD265AE04A0041A330 /* Resources */,
				DE85526E403516E896533930 /* [CP] Embed Pods Frameworks */,
			);
			buildRules = (
			);
			dependencies = (
				620B57E1265AE04A0041A330 /* PBXTargetDependency */,
			);
			name = dCashUITests;
			productName = dCashUITests;
			productReference = 620B57DF265AE04A0041A330 /* dCashUITests.xctest */;
			productType = "com.apple.product-type.bundle.ui-testing";
		};
/* End PBXNativeTarget section */

/* Begin PBXProject section */
		620B57BB265AE0470041A330 /* Project object */ = {
			isa = PBXProject;
			attributes = {
				LastSwiftUpdateCheck = 1240;
				LastUpgradeCheck = 1240;
				TargetAttributes = {
					620B57C2265AE0470041A330 = {
						CreatedOnToolsVersion = 12.4;
					};
					620B57D3265AE04A0041A330 = {
						CreatedOnToolsVersion = 12.4;
						TestTargetID = 620B57C2265AE0470041A330;
					};
					620B57DE265AE04A0041A330 = {
						CreatedOnToolsVersion = 12.4;
						TestTargetID = 620B57C2265AE0470041A330;
					};
				};
			};
			buildConfigurationList = 620B57BE265AE0470041A330 /* Build configuration list for PBXProject "dCash" */;
			compatibilityVersion = "Xcode 9.3";
			developmentRegion = en;
			hasScannedForEncodings = 0;
			knownRegions = (
				en,
				Base,
			);
			mainGroup = 620B57BA265AE0470041A330;
			productRefGroup = 620B57C4265AE0470041A330 /* Products */;
			projectDirPath = "";
			projectRoot = "";
			targets = (
				620B57C2265AE0470041A330 /* dCash */,
				620B57D3265AE04A0041A330 /* dCashTests */,
				620B57DE265AE04A0041A330 /* dCashUITests */,
			);
		};
/* End PBXProject section */

/* Begin PBXResourcesBuildPhase section */
		620B57C1265AE0470041A330 /* Resources */ = {
			isa = PBXResourcesBuildPhase;
			buildActionMask = 2147483647;
			files = (
				620B57CE265AE04A0041A330 /* Preview Assets.xcassets in Resources */,
				62371DD5267BA12D003FD2D1 /* GoogleService-Info.plist in Resources */,
				622752F3265C515100A02042 /* Storyboard.storyboard in Resources */,
				620B57CB265AE04A0041A330 /* Assets.xcassets in Resources */,
			);
			runOnlyForDeploymentPostprocessing = 0;
		};
		620B57D2265AE04A0041A330 /* Resources */ = {
			isa = PBXResourcesBuildPhase;
			buildActionMask = 2147483647;
			files = (
			);
			runOnlyForDeploymentPostprocessing = 0;
		};
		620B57DD265AE04A0041A330 /* Resources */ = {
			isa = PBXResourcesBuildPhase;
			buildActionMask = 2147483647;
			files = (
			);
			runOnlyForDeploymentPostprocessing = 0;
		};
/* End PBXResourcesBuildPhase section */

/* Begin PBXShellScriptBuildPhase section */
		0F3483F4A5C02E1720E0E5E3 /* [CP] Check Pods Manifest.lock */ = {
			isa = PBXShellScriptBuildPhase;
			buildActionMask = 2147483647;
			files = (
			);
			inputFileListPaths = (
			);
			inputPaths = (
				"${PODS_PODFILE_DIR_PATH}/Podfile.lock",
				"${PODS_ROOT}/Manifest.lock",
			);
			name = "[CP] Check Pods Manifest.lock";
			outputFileListPaths = (
			);
			outputPaths = (
				"$(DERIVED_FILE_DIR)/Pods-dCash-checkManifestLockResult.txt",
			);
			runOnlyForDeploymentPostprocessing = 0;
			shellPath = /bin/sh;
			shellScript = "diff \"${PODS_PODFILE_DIR_PATH}/Podfile.lock\" \"${PODS_ROOT}/Manifest.lock\" > /dev/null\nif [ $? != 0 ] ; then\n    # print error to STDERR\n    echo \"error: The sandbox is not in sync with the Podfile.lock. Run 'pod install' or update your CocoaPods installation.\" >&2\n    exit 1\nfi\n# This output is used by Xcode 'outputs' to avoid re-running this script phase.\necho \"SUCCESS\" > \"${SCRIPT_OUTPUT_FILE_0}\"\n";
			showEnvVarsInLog = 0;
		};
		377CA6E3D4E2DCB1266F4A51 /* [CP] Check Pods Manifest.lock */ = {
			isa = PBXShellScriptBuildPhase;
			buildActionMask = 2147483647;
			files = (
			);
			inputFileListPaths = (
			);
			inputPaths = (
				"${PODS_PODFILE_DIR_PATH}/Podfile.lock",
				"${PODS_ROOT}/Manifest.lock",
			);
			name = "[CP] Check Pods Manifest.lock";
			outputFileListPaths = (
			);
			outputPaths = (
				"$(DERIVED_FILE_DIR)/Pods-dCash-dCashUITests-checkManifestLockResult.txt",
			);
			runOnlyForDeploymentPostprocessing = 0;
			shellPath = /bin/sh;
			shellScript = "diff \"${PODS_PODFILE_DIR_PATH}/Podfile.lock\" \"${PODS_ROOT}/Manifest.lock\" > /dev/null\nif [ $? != 0 ] ; then\n    # print error to STDERR\n    echo \"error: The sandbox is not in sync with the Podfile.lock. Run 'pod install' or update your CocoaPods installation.\" >&2\n    exit 1\nfi\n# This output is used by Xcode 'outputs' to avoid re-running this script phase.\necho \"SUCCESS\" > \"${SCRIPT_OUTPUT_FILE_0}\"\n";
			showEnvVarsInLog = 0;
		};
		50FD21592B47BE6885A3774E /* [CP] Embed Pods Frameworks */ = {
			isa = PBXShellScriptBuildPhase;
			buildActionMask = 2147483647;
			files = (
			);
			inputFileListPaths = (
				"${PODS_ROOT}/Target Support Files/Pods-dCash/Pods-dCash-frameworks-${CONFIGURATION}-input-files.xcfilelist",
			);
			name = "[CP] Embed Pods Frameworks";
			outputFileListPaths = (
				"${PODS_ROOT}/Target Support Files/Pods-dCash/Pods-dCash-frameworks-${CONFIGURATION}-output-files.xcfilelist",
			);
			runOnlyForDeploymentPostprocessing = 0;
			shellPath = /bin/sh;
			shellScript = "\"${PODS_ROOT}/Target Support Files/Pods-dCash/Pods-dCash-frameworks.sh\"\n";
			showEnvVarsInLog = 0;
		};
		5B759193469CB308ED1153BE /* [CP] Check Pods Manifest.lock */ = {
			isa = PBXShellScriptBuildPhase;
			buildActionMask = 2147483647;
			files = (
			);
			inputFileListPaths = (
			);
			inputPaths = (
				"${PODS_PODFILE_DIR_PATH}/Podfile.lock",
				"${PODS_ROOT}/Manifest.lock",
			);
			name = "[CP] Check Pods Manifest.lock";
			outputFileListPaths = (
			);
			outputPaths = (
				"$(DERIVED_FILE_DIR)/Pods-dCashTests-checkManifestLockResult.txt",
			);
			runOnlyForDeploymentPostprocessing = 0;
			shellPath = /bin/sh;
			shellScript = "diff \"${PODS_PODFILE_DIR_PATH}/Podfile.lock\" \"${PODS_ROOT}/Manifest.lock\" > /dev/null\nif [ $? != 0 ] ; then\n    # print error to STDERR\n    echo \"error: The sandbox is not in sync with the Podfile.lock. Run 'pod install' or update your CocoaPods installation.\" >&2\n    exit 1\nfi\n# This output is used by Xcode 'outputs' to avoid re-running this script phase.\necho \"SUCCESS\" > \"${SCRIPT_OUTPUT_FILE_0}\"\n";
			showEnvVarsInLog = 0;
		};
		DE85526E403516E896533930 /* [CP] Embed Pods Frameworks */ = {
			isa = PBXShellScriptBuildPhase;
			buildActionMask = 2147483647;
			files = (
			);
			inputFileListPaths = (
				"${PODS_ROOT}/Target Support Files/Pods-dCash-dCashUITests/Pods-dCash-dCashUITests-frameworks-${CONFIGURATION}-input-files.xcfilelist",
			);
			name = "[CP] Embed Pods Frameworks";
			outputFileListPaths = (
				"${PODS_ROOT}/Target Support Files/Pods-dCash-dCashUITests/Pods-dCash-dCashUITests-frameworks-${CONFIGURATION}-output-files.xcfilelist",
			);
			runOnlyForDeploymentPostprocessing = 0;
			shellPath = /bin/sh;
			shellScript = "\"${PODS_ROOT}/Target Support Files/Pods-dCash-dCashUITests/Pods-dCash-dCashUITests-frameworks.sh\"\n";
			showEnvVarsInLog = 0;
		};
/* End PBXShellScriptBuildPhase section */

/* Begin PBXSourcesBuildPhase section */
		620B57BF265AE0470041A330 /* Sources */ = {
			isa = PBXSourcesBuildPhase;
			buildActionMask = 2147483647;
			files = (
				6210611C265D939200DCFD7C /* signup.swift in Sources */,
				62C1AB1B265ED8620069F80A /* addExpense.swift in Sources */,
				620B57C9265AE0470041A330 /* ContentView.swift in Sources */,
				62C1AB3E265EEDB90069F80A /* reminders.swift in Sources */,
				620B57C7265AE0470041A330 /* dCashApp.swift in Sources */,
				62C1AB36265ED8A40069F80A /* profile.swift in Sources */,
				62106121265D942C00DCFD7C /* signin.swift in Sources */,
				62C1AB2E265ED8970069F80A /* totalExpense.swift in Sources */,
			);
			runOnlyForDeploymentPostprocessing = 0;
		};
		620B57D0265AE04A0041A330 /* Sources */ = {
			isa = PBXSourcesBuildPhase;
			buildActionMask = 2147483647;
			files = (
				620B57D9265AE04A0041A330 /* dCashTests.swift in Sources */,
			);
			runOnlyForDeploymentPostprocessing = 0;
		};
		620B57DB265AE04A0041A330 /* Sources */ = {
			isa = PBXSourcesBuildPhase;
			buildActionMask = 2147483647;
			files = (
				620B57E4265AE04A0041A330 /* dCashUITests.swift in Sources */,
			);
			runOnlyForDeploymentPostprocessing = 0;
		};
/* End PBXSourcesBuildPhase section */

/* Begin PBXTargetDependency section */
		620B57D6265AE04A0041A330 /* PBXTargetDependency */ = {
			isa = PBXTargetDependency;
			target = 620B57C2265AE0470041A330 /* dCash */;
			targetProxy = 620B57D5265AE04A0041A330 /* PBXContainerItemProxy */;
		};
		620B57E1265AE04A0041A330 /* PBXTargetDependency */ = {
			isa = PBXTargetDependency;
			target = 620B57C2265AE0470041A330 /* dCash */;
			targetProxy = 620B57E0265AE04A0041A330 /* PBXContainerItemProxy */;
		};
/* End PBXTargetDependency section */

/* Begin XCBuildConfiguration section */
		620B57E6265AE04A0041A330 /* Debug */ = {
			isa = XCBuildConfiguration;
			buildSettings = {
				ALWAYS_SEARCH_USER_PATHS = NO;
				CLANG_ANALYZER_NONNULL = YES;
				CLANG_ANALYZER_NUMBER_OBJECT_CONVERSION = YES_AGGRESSIVE;
				CLANG_CXX_LANGUAGE_STANDARD = "gnu++14";
				CLANG_CXX_LIBRARY = "libc++";
				CLANG_ENABLE_MODULES = YES;
				CLANG_ENABLE_OBJC_ARC = YES;
				CLANG_ENABLE_OBJC_WEAK = YES;
				CLANG_WARN_BLOCK_CAPTURE_AUTORELEASING = YES;
				CLANG_WARN_BOOL_CONVERSION = YES;
				CLANG_WARN_COMMA = YES;
				CLANG_WARN_CONSTANT_CONVERSION = YES;
				CLANG_WARN_DEPRECATED_OBJC_IMPLEMENTATIONS = YES;
				CLANG_WARN_DIRECT_OBJC_ISA_USAGE = YES_ERROR;
				CLANG_WARN_DOCUMENTATION_COMMENTS = YES;
				CLANG_WARN_EMPTY_BODY = YES;
				CLANG_WARN_ENUM_CONVERSION = YES;
				CLANG_WARN_INFINITE_RECURSION = YES;
				CLANG_WARN_INT_CONVERSION = YES;
				CLANG_WARN_NON_LITERAL_NULL_CONVERSION = YES;
				CLANG_WARN_OBJC_IMPLICIT_RETAIN_SELF = YES;
				CLANG_WARN_OBJC_LITERAL_CONVERSION = YES;
				CLANG_WARN_OBJC_ROOT_CLASS = YES_ERROR;
				CLANG_WARN_QUOTED_INCLUDE_IN_FRAMEWORK_HEADER = YES;
				CLANG_WARN_RANGE_LOOP_ANALYSIS = YES;
				CLANG_WARN_STRICT_PROTOTYPES = YES;
				CLANG_WARN_SUSPICIOUS_MOVE = YES;
				CLANG_WARN_UNGUARDED_AVAILABILITY = YES_AGGRESSIVE;
				CLANG_WARN_UNREACHABLE_CODE = YES;
				CLANG_WARN__DUPLICATE_METHOD_MATCH = YES;
				COPY_PHASE_STRIP = NO;
				DEBUG_INFORMATION_FORMAT = dwarf;
				ENABLE_STRICT_OBJC_MSGSEND = YES;
				ENABLE_TESTABILITY = YES;
				GCC_C_LANGUAGE_STANDARD = gnu11;
				GCC_DYNAMIC_NO_PIC = NO;
				GCC_NO_COMMON_BLOCKS = YES;
				GCC_OPTIMIZATION_LEVEL = 0;
				GCC_PREPROCESSOR_DEFINITIONS = (
					"DEBUG=1",
					"$(inherited)",
				);
				GCC_WARN_64_TO_32_BIT_CONVERSION = YES;
				GCC_WARN_ABOUT_RETURN_TYPE = YES_ERROR;
				GCC_WARN_UNDECLARED_SELECTOR = YES;
				GCC_WARN_UNINITIALIZED_AUTOS = YES_AGGRESSIVE;
				GCC_WARN_UNUSED_FUNCTION = YES;
				GCC_WARN_UNUSED_VARIABLE = YES;
				IPHONEOS_DEPLOYMENT_TARGET = 14.4;
				MTL_ENABLE_DEBUG_INFO = INCLUDE_SOURCE;
				MTL_FAST_MATH = YES;
				ONLY_ACTIVE_ARCH = YES;
				SDKROOT = iphoneos;
				SWIFT_ACTIVE_COMPILATION_CONDITIONS = DEBUG;
				SWIFT_OPTIMIZATION_LEVEL = "-Onone";
			};
			name = Debug;
		};
		620B57E7265AE04A0041A330 /* Release */ = {
			isa = XCBuildConfiguration;
			buildSettings = {
				ALWAYS_SEARCH_USER_PATHS = NO;
				CLANG_ANALYZER_NONNULL = YES;
				CLANG_ANALYZER_NUMBER_OBJECT_CONVERSION = YES_AGGRESSIVE;
				CLANG_CXX_LANGUAGE_STANDARD = "gnu++14";
				CLANG_CXX_LIBRARY = "libc++";
				CLANG_ENABLE_MODULES = YES;
				CLANG_ENABLE_OBJC_ARC = YES;
				CLANG_ENABLE_OBJC_WEAK = YES;
				CLANG_WARN_BLOCK_CAPTURE_AUTORELEASING = YES;
				CLANG_WARN_BOOL_CONVERSION = YES;
				CLANG_WARN_COMMA = YES;
				CLANG_WARN_CONSTANT_CONVERSION = YES;
				CLANG_WARN_DEPRECATED_OBJC_IMPLEMENTATIONS = YES;
				CLANG_WARN_DIRECT_OBJC_ISA_USAGE = YES_ERROR;
				CLANG_WARN_DOCUMENTATION_COMMENTS = YES;
				CLANG_WARN_EMPTY_BODY = YES;
				CLANG_WARN_ENUM_CONVERSION = YES;
				CLANG_WARN_INFINITE_RECURSION = YES;
				CLANG_WARN_INT_CONVERSION = YES;
				CLANG_WARN_NON_LITERAL_NULL_CONVERSION = YES;
				CLANG_WARN_OBJC_IMPLICIT_RETAIN_SELF = YES;
				CLANG_WARN_OBJC_LITERAL_CONVERSION = YES;
				CLANG_WARN_OBJC_ROOT_CLASS = YES_ERROR;
				CLANG_WARN_QUOTED_INCLUDE_IN_FRAMEWORK_HEADER = YES;
				CLANG_WARN_RANGE_LOOP_ANALYSIS = YES;
				CLANG_WARN_STRICT_PROTOTYPES = YES;
				CLANG_WARN_SUSPICIOUS_MOVE = YES;
				CLANG_WARN_UNGUARDED_AVAILABILITY = YES_AGGRESSIVE;
				CLANG_WARN_UNREACHABLE_CODE = YES;
				CLANG_WARN__DUPLICATE_METHOD_MATCH = YES;
				COPY_PHASE_STRIP = NO;
				DEBUG_INFORMATION_FORMAT = "dwarf-with-dsym";
				ENABLE_NS_ASSERTIONS = NO;
				ENABLE_STRICT_OBJC_MSGSEND = YES;
				GCC_C_LANGUAGE_STANDARD = gnu11;
				GCC_NO_COMMON_BLOCKS = YES;
				GCC_WARN_64_TO_32_BIT_CONVERSION = YES;
				GCC_WARN_ABOUT_RETURN_TYPE = YES_ERROR;
				GCC_WARN_UNDECLARED_SELECTOR = YES;
				GCC_WARN_UNINITIALIZED_AUTOS = YES_AGGRESSIVE;
				GCC_WARN_UNUSED_FUNCTION = YES;
				GCC_WARN_UNUSED_VARIABLE = YES;
				IPHONEOS_DEPLOYMENT_TARGET = 14.4;
				MTL_ENABLE_DEBUG_INFO = NO;
				MTL_FAST_MATH = YES;
				SDKROOT = iphoneos;
				SWIFT_COMPILATION_MODE = wholemodule;
				SWIFT_OPTIMIZATION_LEVEL = "-O";
				VALIDATE_PRODUCT = YES;
			};
			name = Release;
		};
		620B57E9265AE04A0041A330 /* Debug */ = {
			isa = XCBuildConfiguration;
			baseConfigurationReference = 1E82657278FA11B73DAF2050 /* Pods-dCash.debug.xcconfig */;
			buildSettings = {
				ASSETCATALOG_COMPILER_APPICON_NAME = AppIcon;
				ASSETCATALOG_COMPILER_GLOBAL_ACCENT_COLOR_NAME = AccentColor;
				CODE_SIGN_STYLE = Automatic;
				DEVELOPMENT_ASSET_PATHS = "\"dCash/Preview Content\"";
				DEVELOPMENT_TEAM = YHR57C43X6;
				ENABLE_PREVIEWS = YES;
				INFOPLIST_FILE = dCash/Info.plist;
				IPHONEOS_DEPLOYMENT_TARGET = 14.0;
				LD_RUNPATH_SEARCH_PATHS = (
					"$(inherited)",
					"@executable_path/Frameworks",
				);
				PRODUCT_BUNDLE_IDENTIFIER = Dawadi.dCash;
				PRODUCT_NAME = "$(TARGET_NAME)";
				SWIFT_VERSION = 5.0;
				TARGETED_DEVICE_FAMILY = "1,2";
			};
			name = Debug;
		};
		620B57EA265AE04A0041A330 /* Release */ = {
			isa = XCBuildConfiguration;
			baseConfigurationReference = 21D7FA62F8179C3FC310E541 /* Pods-dCash.release.xcconfig */;
			buildSettings = {
				ASSETCATALOG_COMPILER_APPICON_NAME = AppIcon;
				ASSETCATALOG_COMPILER_GLOBAL_ACCENT_COLOR_NAME = AccentColor;
				CODE_SIGN_STYLE = Automatic;
				DEVELOPMENT_ASSET_PATHS = "\"dCash/Preview Content\"";
				DEVELOPMENT_TEAM = YHR57C43X6;
				ENABLE_PREVIEWS = YES;
				INFOPLIST_FILE = dCash/Info.plist;
				IPHONEOS_DEPLOYMENT_TARGET = 14.0;
				LD_RUNPATH_SEARCH_PATHS = (
					"$(inherited)",
					"@executable_path/Frameworks",
				);
				PRODUCT_BUNDLE_IDENTIFIER = Dawadi.dCash;
				PRODUCT_NAME = "$(TARGET_NAME)";
				SWIFT_VERSION = 5.0;
				TARGETED_DEVICE_FAMILY = "1,2";
			};
			name = Release;
		};
		620B57EC265AE04A0041A330 /* Debug */ = {
			isa = XCBuildConfiguration;
			baseConfigurationReference = FEE78640409C1CD8D6EC2C8A /* Pods-dCashTests.debug.xcconfig */;
			buildSettings = {
				ALWAYS_EMBED_SWIFT_STANDARD_LIBRARIES = YES;
				BUNDLE_LOADER = "$(TEST_HOST)";
				CODE_SIGN_STYLE = Automatic;
				DEVELOPMENT_TEAM = YHR57C43X6;
				INFOPLIST_FILE = dCashTests/Info.plist;
				IPHONEOS_DEPLOYMENT_TARGET = 14.0;
				LD_RUNPATH_SEARCH_PATHS = (
					"$(inherited)",
					"@executable_path/Frameworks",
					"@loader_path/Frameworks",
				);
				PRODUCT_BUNDLE_IDENTIFIER = Dawadi.dCashTests;
				PRODUCT_NAME = "$(TARGET_NAME)";
				SWIFT_VERSION = 5.0;
				TARGETED_DEVICE_FAMILY = "1,2";
				TEST_HOST = "$(BUILT_PRODUCTS_DIR)/dCash.app/dCash";
			};
			name = Debug;
		};
		620B57ED265AE04A0041A330 /* Release */ = {
			isa = XCBuildConfiguration;
			baseConfigurationReference = DAFB7AC9013314C0BCC41F97 /* Pods-dCashTests.release.xcconfig */;
			buildSettings = {
				ALWAYS_EMBED_SWIFT_STANDARD_LIBRARIES = YES;
				BUNDLE_LOADER = "$(TEST_HOST)";
				CODE_SIGN_STYLE = Automatic;
				DEVELOPMENT_TEAM = YHR57C43X6;
				INFOPLIST_FILE = dCashTests/Info.plist;
				IPHONEOS_DEPLOYMENT_TARGET = 14.0;
				LD_RUNPATH_SEARCH_PATHS = (
					"$(inherited)",
					"@executable_path/Frameworks",
					"@loader_path/Frameworks",
				);
				PRODUCT_BUNDLE_IDENTIFIER = Dawadi.dCashTests;
				PRODUCT_NAME = "$(TARGET_NAME)";
				SWIFT_VERSION = 5.0;
				TARGETED_DEVICE_FAMILY = "1,2";
				TEST_HOST = "$(BUILT_PRODUCTS_DIR)/dCash.app/dCash";
			};
			name = Release;
		};
		620B57EF265AE04A0041A330 /* Debug */ = {
			isa = XCBuildConfiguration;
			baseConfigurationReference = AD5BC839CD5027375C46385A /* Pods-dCash-dCashUITests.debug.xcconfig */;
			buildSettings = {
				ALWAYS_EMBED_SWIFT_STANDARD_LIBRARIES = YES;
				CODE_SIGN_STYLE = Automatic;
				DEVELOPMENT_TEAM = YHR57C43X6;
				INFOPLIST_FILE = dCashUITests/Info.plist;
				LD_RUNPATH_SEARCH_PATHS = (
					"$(inherited)",
					"@executable_path/Frameworks",
					"@loader_path/Frameworks",
				);
				PRODUCT_BUNDLE_IDENTIFIER = Dawadi.dCashUITests;
				PRODUCT_NAME = "$(TARGET_NAME)";
				SWIFT_VERSION = 5.0;
				TARGETED_DEVICE_FAMILY = "1,2";
				TEST_TARGET_NAME = dCash;
			};
			name = Debug;
		};
		620B57F0265AE04A0041A330 /* Release */ = {
			isa = XCBuildConfiguration;
			baseConfigurationReference = 26B9AD2070EE1B28E48EB201 /* Pods-dCash-dCashUITests.release.xcconfig */;
			buildSettings = {
				ALWAYS_EMBED_SWIFT_STANDARD_LIBRARIES = YES;
				CODE_SIGN_STYLE = Automatic;
				DEVELOPMENT_TEAM = YHR57C43X6;
				INFOPLIST_FILE = dCashUITests/Info.plist;
				LD_RUNPATH_SEARCH_PATHS = (
					"$(inherited)",
					"@executable_path/Frameworks",
					"@loader_path/Frameworks",
				);
				PRODUCT_BUNDLE_IDENTIFIER = Dawadi.dCashUITests;
				PRODUCT_NAME = "$(TARGET_NAME)";
				SWIFT_VERSION = 5.0;
				TARGETED_DEVICE_FAMILY = "1,2";
				TEST_TARGET_NAME = dCash;
			};
			name = Release;
		};
/* End XCBuildConfiguration section */

/* Begin XCConfigurationList section */
		620B57BE265AE0470041A330 /* Build configuration list for PBXProject "dCash" */ = {
			isa = XCConfigurationList;
			buildConfigurations = (
				620B57E6265AE04A0041A330 /* Debug */,
				620B57E7265AE04A0041A330 /* Release */,
			);
			defaultConfigurationIsVisible = 0;
			defaultConfigurationName = Release;
		};
		620B57E8265AE04A0041A330 /* Build configuration list for PBXNativeTarget "dCash" */ = {
			isa = XCConfigurationList;
			buildConfigurations = (
				620B57E9265AE04A0041A330 /* Debug */,
				620B57EA265AE04A0041A330 /* Release */,
			);
			defaultConfigurationIsVisible = 0;
			defaultConfigurationName = Release;
		};
		620B57EB265AE04A0041A330 /* Build configuration list for PBXNativeTarget "dCashTests" */ = {
			isa = XCConfigurationList;
			buildConfigurations = (
				620B57EC265AE04A0041A330 /* Debug */,
				620B57ED265AE04A0041A330 /* Release */,
			);
			defaultConfigurationIsVisible = 0;
			defaultConfigurationName = Release;
		};
		620B57EE265AE04A0041A330 /* Build configuration list for PBXNativeTarget "dCashUITests" */ = {
			isa = XCConfigurationList;
			buildConfigurations = (
				620B57EF265AE04A0041A330 /* Debug */,
				620B57F0265AE04A0041A330 /* Release */,
			);
			defaultConfigurationIsVisible = 0;
			defaultConfigurationName = Release;
		};
/* End XCConfigurationList section */
	};
	rootObject = 620B57BB265AE0470041A330 /* Project object */;
}
